hash: a3a057a788309a4cccaa5c65930356e785770bf74a820a8bb5982b3550406c39
updated: 2017-06-25T21:40:58.566685079+07:00
imports:
- name: github.com/cloudnativego/gogo-engine
  version: 256cb157fb61886eada3c2ec613fbb4428f5ca3f
- name: github.com/codegangsta/negroni
  version: fde5e16d32adc7ad637e9cd9ad21d4ebc6192535
- name: github.com/gorilla/context
  version: 1ea25387ff6f684839d82767c1733ff4d4d15d0a
- name: github.com/gorilla/mux
  version: bcd8bc72b08df0f70df986b97f95590779502d31
- name: github.com/pborman/uuid
  version: a97ce2ca70fa5a848076093f05e639a89ca34d06
- name: github.com/unrolled/render
  version: 1442182abc1e7397c8c0c862829bd00e9b670a96
testImports: []
